// !$*UTF8*$!
{
	archiveVersion = 1;
	classes = {
	};
	objectVersion = 46;
	objects = {

/* Begin PBXBuildFile section */
		321D36C420881E3100BDCDD2 /* AppDelegate.swift in Sources */ = {isa = PBXBuildFile; fileRef = 321D36C320881E3100BDCDD2 /* AppDelegate.swift */; };
		321D36C620881E3100BDCDD2 /* ViewController.swift in Sources */ = {isa = PBXBuildFile; fileRef = 321D36C520881E3100BDCDD2 /* ViewController.swift */; };
		321D36C920881E3100BDCDD2 /* Main.storyboard in Resources */ = {isa = PBXBuildFile; fileRef = 321D36C720881E3100BDCDD2 /* Main.storyboard */; };
		321D36CB20881E3100BDCDD2 /* Assets.xcassets in Resources */ = {isa = PBXBuildFile; fileRef = 321D36CA20881E3100BDCDD2 /* Assets.xcassets */; };
		321D36CE20881E3100BDCDD2 /* LaunchScreen.storyboard in Resources */ = {isa = PBXBuildFile; fileRef = 321D36CC20881E3100BDCDD2 /* LaunchScreen.storyboard */; };
		321D36D320881EE400BDCDD2 /* SwiftUtilities.framework in Frameworks */ = {isa = PBXBuildFile; fileRef = 45E8EEC6199A8EA50035C722 /* SwiftUtilities.framework */; };
		321D36D420881EE400BDCDD2 /* SwiftUtilities.framework in Embed Frameworks */ = {isa = PBXBuildFile; fileRef = 45E8EEC6199A8EA50035C722 /* SwiftUtilities.framework */; settings = {ATTRIBUTES = (CodeSignOnCopy, RemoveHeadersOnCopy, ); }; };
		459826D51D56C74900B54CB1 /* AppDelegate.swift in Sources */ = {isa = PBXBuildFile; fileRef = 459826D41D56C74900B54CB1 /* AppDelegate.swift */; };
		459826D71D56C74900B54CB1 /* ViewController.swift in Sources */ = {isa = PBXBuildFile; fileRef = 459826D61D56C74900B54CB1 /* ViewController.swift */; };
		459826D91D56C74900B54CB1 /* Assets.xcassets in Resources */ = {isa = PBXBuildFile; fileRef = 459826D81D56C74900B54CB1 /* Assets.xcassets */; };
		459826DC1D56C74900B54CB1 /* Main.storyboard in Resources */ = {isa = PBXBuildFile; fileRef = 459826DA1D56C74900B54CB1 /* Main.storyboard */; };
		A4D30024256CA7AA008E3DBE /* Math.swift in Sources */ = {isa = PBXBuildFile; fileRef = A4D3FFF5256CA7AA008E3DBE /* Math.swift */; };
		A4D30026256CA7AA008E3DBE /* Benchmark.swift in Sources */ = {isa = PBXBuildFile; fileRef = A4D3FFF6256CA7AA008E3DBE /* Benchmark.swift */; };
		A4D30028256CA7AA008E3DBE /* BitRange.swift in Sources */ = {isa = PBXBuildFile; fileRef = A4D3FFF7256CA7AA008E3DBE /* BitRange.swift */; };
		A4D3002A256CA7AA008E3DBE /* Publisher.swift in Sources */ = {isa = PBXBuildFile; fileRef = A4D3FFF8256CA7AA008E3DBE /* Publisher.swift */; };
		A4D3002C256CA7AA008E3DBE /* NSURL+Extensions.swift in Sources */ = {isa = PBXBuildFile; fileRef = A4D3FFF9256CA7AA008E3DBE /* NSURL+Extensions.swift */; };
		A4D3002E256CA7AA008E3DBE /* NSDate+Extensions.swift in Sources */ = {isa = PBXBuildFile; fileRef = A4D3FFFA256CA7AA008E3DBE /* NSDate+Extensions.swift */; };
		A4D30030256CA7AA008E3DBE /* Utilities.swift in Sources */ = {isa = PBXBuildFile; fileRef = A4D3FFFB256CA7AA008E3DBE /* Utilities.swift */; };
		A4D30032256CA7AA008E3DBE /* Bases.swift in Sources */ = {isa = PBXBuildFile; fileRef = A4D3FFFC256CA7AA008E3DBE /* Bases.swift */; };
		A4D30034256CA7AA008E3DBE /* String+Extensions.swift in Sources */ = {isa = PBXBuildFile; fileRef = A4D3FFFD256CA7AA008E3DBE /* String+Extensions.swift */; };
		A4D30036256CA7AA008E3DBE /* Hexdump.swift in Sources */ = {isa = PBXBuildFile; fileRef = A4D3FFFE256CA7AA008E3DBE /* Hexdump.swift */; };
		A4D30038256CA7AA008E3DBE /* InternalUtilities.swift in Sources */ = {isa = PBXBuildFile; fileRef = A4D3FFFF256CA7AA008E3DBE /* InternalUtilities.swift */; };
		A4D3003A256CA7AA008E3DBE /* Threading.swift in Sources */ = {isa = PBXBuildFile; fileRef = A4D30000256CA7AA008E3DBE /* Threading.swift */; };
		A4D3003C256CA7AA008E3DBE /* Walker.swift in Sources */ = {isa = PBXBuildFile; fileRef = A4D30001256CA7AA008E3DBE /* Walker.swift */; };
		A4D3003E256CA7AA008E3DBE /* Version.swift in Sources */ = {isa = PBXBuildFile; fileRef = A4D30002256CA7AA008E3DBE /* Version.swift */; };
		A4D30040256CA7AA008E3DBE /* Result.swift in Sources */ = {isa = PBXBuildFile; fileRef = A4D30003256CA7AA008E3DBE /* Result.swift */; };
		A4D30042256CA7AA008E3DBE /* BlockValueTransformer.swift in Sources */ = {isa = PBXBuildFile; fileRef = A4D30004256CA7AA008E3DBE /* BlockValueTransformer.swift */; };
		A4D30044256CA7AA008E3DBE /* Comparison.swift in Sources */ = {isa = PBXBuildFile; fileRef = A4D30005256CA7AA008E3DBE /* Comparison.swift */; };
		A4D30046256CA7AA008E3DBE /* Box.swift in Sources */ = {isa = PBXBuildFile; fileRef = A4D30006256CA7AA008E3DBE /* Box.swift */; };
		A4D30048256CA7AA008E3DBE /* Errno.swift in Sources */ = {isa = PBXBuildFile; fileRef = A4D30007256CA7AA008E3DBE /* Errno.swift */; };
		A4D3004A256CA7AA008E3DBE /* Endianness.swift in Sources */ = {isa = PBXBuildFile; fileRef = A4D30008256CA7AA008E3DBE /* Endianness.swift */; };
		A4D3004C256CA7AA008E3DBE /* Path.swift in Sources */ = {isa = PBXBuildFile; fileRef = A4D30009256CA7AA008E3DBE /* Path.swift */; };
		A4D3004E256CA7AA008E3DBE /* NSRange+Extensions.swift in Sources */ = {isa = PBXBuildFile; fileRef = A4D3000A256CA7AA008E3DBE /* NSRange+Extensions.swift */; };
		A4D30050256CA7AA008E3DBE /* BufferType.swift in Sources */ = {isa = PBXBuildFile; fileRef = A4D3000B256CA7AA008E3DBE /* BufferType.swift */; };
		A4D30052256CA7AA008E3DBE /* Timestamp.swift in Sources */ = {isa = PBXBuildFile; fileRef = A4D3000C256CA7AA008E3DBE /* Timestamp.swift */; };
		A4D30054256CA7AA008E3DBE /* AssociatedObjectHelper.swift in Sources */ = {isa = PBXBuildFile; fileRef = A4D3000D256CA7AA008E3DBE /* AssociatedObjectHelper.swift */; };
		A4D30056256CA7AA008E3DBE /* MapTable.swift in Sources */ = {isa = PBXBuildFile; fileRef = A4D3000E256CA7AA008E3DBE /* MapTable.swift */; };
		A4D30058256CA7AA008E3DBE /* NSMapTable+Extensions.swift in Sources */ = {isa = PBXBuildFile; fileRef = A4D3000F256CA7AA008E3DBE /* NSMapTable+Extensions.swift */; };
		A4D3005A256CA7AA008E3DBE /* AStarSearch.swift in Sources */ = {isa = PBXBuildFile; fileRef = A4D30010256CA7AA008E3DBE /* AStarSearch.swift */; };
		A4D3005C256CA7AA008E3DBE /* Dispatch.swift in Sources */ = {isa = PBXBuildFile; fileRef = A4D30011256CA7AA008E3DBE /* Dispatch.swift */; };
		A4D3005E256CA7AA008E3DBE /* Collections+Misc.swift in Sources */ = {isa = PBXBuildFile; fileRef = A4D30012256CA7AA008E3DBE /* Collections+Misc.swift */; };
		A4D30060256CA7AA008E3DBE /* PriorityQueue.swift in Sources */ = {isa = PBXBuildFile; fileRef = A4D30013256CA7AA008E3DBE /* PriorityQueue.swift */; };
		A4D30062256CA7AA008E3DBE /* UnsafeBufferPointers.swift in Sources */ = {isa = PBXBuildFile; fileRef = A4D30014256CA7AA008E3DBE /* UnsafeBufferPointers.swift */; };
		A4D30064256CA7AA008E3DBE /* PureUtilities.swift in Sources */ = {isa = PBXBuildFile; fileRef = A4D30015256CA7AA008E3DBE /* PureUtilities.swift */; };
		A4D30066256CA7AA008E3DBE /* Atomic.swift in Sources */ = {isa = PBXBuildFile; fileRef = A4D30016256CA7AA008E3DBE /* Atomic.swift */; };
		A4D30068256CA7AA008E3DBE /* DataScanner.swift in Sources */ = {isa = PBXBuildFile; fileRef = A4D30017256CA7AA008E3DBE /* DataScanner.swift */; };
		A4D3006A256CA7AB008E3DBE /* DispatchData.swift in Sources */ = {isa = PBXBuildFile; fileRef = A4D30018256CA7AA008E3DBE /* DispatchData.swift */; };
		A4D3006C256CA7AB008E3DBE /* Observable.swift in Sources */ = {isa = PBXBuildFile; fileRef = A4D30019256CA7AA008E3DBE /* Observable.swift */; };
		A4D3006E256CA7AB008E3DBE /* Heap.swift in Sources */ = {isa = PBXBuildFile; fileRef = A4D3001A256CA7AA008E3DBE /* Heap.swift */; };
		A4D30070256CA7AB008E3DBE /* CRC16.swift in Sources */ = {isa = PBXBuildFile; fileRef = A4D3001B256CA7AA008E3DBE /* CRC16.swift */; };
		A4D30072256CA7AB008E3DBE /* Errors.swift in Sources */ = {isa = PBXBuildFile; fileRef = A4D3001C256CA7AA008E3DBE /* Errors.swift */; };
		A4D30074256CA7AB008E3DBE /* TestingPublisher.swift in Sources */ = {isa = PBXBuildFile; fileRef = A4D3001D256CA7AA008E3DBE /* TestingPublisher.swift */; };
		A4D30076256CA7AB008E3DBE /* SwiftUtilities.h in Headers */ = {isa = PBXBuildFile; fileRef = A4D3001E256CA7AA008E3DBE /* SwiftUtilities.h */; settings = {ATTRIBUTES = (Public, ); }; };
		A4D30078256CA7AB008E3DBE /* String+Foundation.swift in Sources */ = {isa = PBXBuildFile; fileRef = A4D3001F256CA7AA008E3DBE /* String+Foundation.swift */; };
		A4D3007A256CA7AB008E3DBE /* RegularExpression.swift in Sources */ = {isa = PBXBuildFile; fileRef = A4D30020256CA7AA008E3DBE /* RegularExpression.swift */; };
		A4D3007C256CA7AB008E3DBE /* Data+Extensions.swift in Sources */ = {isa = PBXBuildFile; fileRef = A4D30021256CA7AA008E3DBE /* Data+Extensions.swift */; };
		A4D3007E256CA7AB008E3DBE /* Search.swift in Sources */ = {isa = PBXBuildFile; fileRef = A4D30022256CA7AA008E3DBE /* Search.swift */; };
		A4D30080256CA7AB008E3DBE /* SwiftUtilities.swift in Sources */ = {isa = PBXBuildFile; fileRef = A4D30023256CA7AA008E3DBE /* SwiftUtilities.swift */; };
		A4D300CA256CADAF008E3DBE /* Info.plist in Resources */ = {isa = PBXBuildFile; fileRef = 454820E91D15CF23003AB1D6 /* Info.plist */; };
/* End PBXBuildFile section */

/* Begin PBXContainerItemProxy section */
		321D36D520881EE400BDCDD2 /* PBXContainerItemProxy */ = {
			isa = PBXContainerItemProxy;
			containerPortal = 45E8EE9B199A8E080035C722 /* Project object */;
			proxyType = 1;
			remoteGlobalIDString = 45E8EEC5199A8EA50035C722;
			remoteInfo = SwiftUtilities_iOS;
		};
/* End PBXContainerItemProxy section */

/* Begin PBXCopyFilesBuildPhase section */
		321D36D720881EE400BDCDD2 /* Embed Frameworks */ = {
			isa = PBXCopyFilesBuildPhase;
			buildActionMask = 2147483647;
			dstPath = "";
			dstSubfolderSpec = 10;
			files = (
				321D36D420881EE400BDCDD2 /* SwiftUtilities.framework in Embed Frameworks */,
			);
			name = "Embed Frameworks";
			runOnlyForDeploymentPostprocessing = 0;
		};
		459826E31D56C75F00B54CB1 /* CopyFiles */ = {
			isa = PBXCopyFilesBuildPhase;
			buildActionMask = 2147483647;
			dstPath = "";
			dstSubfolderSpec = 7;
			files = (
			);
			runOnlyForDeploymentPostprocessing = 0;
		};
/* End PBXCopyFilesBuildPhase section */

/* Begin PBXFileReference section */
		321D36C120881E3100BDCDD2 /* iOSTestApp.app */ = {isa = PBXFileReference; explicitFileType = wrapper.application; includeInIndex = 0; path = iOSTestApp.app; sourceTree = BUILT_PRODUCTS_DIR; };
		321D36C320881E3100BDCDD2 /* AppDelegate.swift */ = {isa = PBXFileReference; lastKnownFileType = sourcecode.swift; path = AppDelegate.swift; sourceTree = "<group>"; };
		321D36C520881E3100BDCDD2 /* ViewController.swift */ = {isa = PBXFileReference; lastKnownFileType = sourcecode.swift; path = ViewController.swift; sourceTree = "<group>"; };
		321D36C820881E3100BDCDD2 /* Base */ = {isa = PBXFileReference; lastKnownFileType = file.storyboard; name = Base; path = Base.lproj/Main.storyboard; sourceTree = "<group>"; };
		321D36CA20881E3100BDCDD2 /* Assets.xcassets */ = {isa = PBXFileReference; lastKnownFileType = folder.assetcatalog; path = Assets.xcassets; sourceTree = "<group>"; };
		321D36CD20881E3100BDCDD2 /* Base */ = {isa = PBXFileReference; lastKnownFileType = file.storyboard; name = Base; path = Base.lproj/LaunchScreen.storyboard; sourceTree = "<group>"; };
		321D36CF20881E3100BDCDD2 /* Info.plist */ = {isa = PBXFileReference; lastKnownFileType = text.plist.xml; path = Info.plist; sourceTree = "<group>"; };
		4521A3B81B90F2F6007087D2 /* BloomFilter.playground */ = {isa = PBXFileReference; lastKnownFileType = file.playground; path = BloomFilter.playground; sourceTree = "<group>"; };
		452B30AB1AC0996100920B6A /* RegularExpressionPlayground.playground */ = {isa = PBXFileReference; lastKnownFileType = file.playground; path = RegularExpressionPlayground.playground; sourceTree = "<group>"; };
		452E1A2C1BCDC30F000FC9FA /* RegularExpressionTests.swift */ = {isa = PBXFileReference; fileEncoding = 4; lastKnownFileType = sourcecode.swift; path = RegularExpressionTests.swift; sourceTree = "<group>"; };
		452E96FC1B3CA523002269CD /* NumberBases_Tests.swift */ = {isa = PBXFileReference; fileEncoding = 4; lastKnownFileType = sourcecode.swift; path = NumberBases_Tests.swift; sourceTree = "<group>"; };
		452E96FD1B3CA523002269CD /* Utilities.swift */ = {isa = PBXFileReference; fileEncoding = 4; lastKnownFileType = sourcecode.swift; path = Utilities.swift; sourceTree = "<group>"; };
		452E97001B3CA529002269CD /* BitRange_Tests.swift */ = {isa = PBXFileReference; fileEncoding = 4; lastKnownFileType = sourcecode.swift; path = BitRange_Tests.swift; sourceTree = "<group>"; };
		453D8D391C17577300CC5D8F /* Info.plist */ = {isa = PBXFileReference; lastKnownFileType = text.plist.xml; path = Info.plist; sourceTree = "<group>"; };
		453E47811B7C2D950070218B /* DataScannerTest.swift */ = {isa = PBXFileReference; fileEncoding = 4; lastKnownFileType = sourcecode.swift; path = DataScannerTest.swift; sourceTree = "<group>"; };
		454820E91D15CF23003AB1D6 /* Info.plist */ = {isa = PBXFileReference; fileEncoding = 4; lastKnownFileType = text.plist.xml; path = Info.plist; sourceTree = "<group>"; };
		455B23991C55FA2400D19F7F /* PathTests.swift */ = {isa = PBXFileReference; fileEncoding = 4; lastKnownFileType = sourcecode.swift; path = PathTests.swift; sourceTree = "<group>"; };
		455B6A201D95A83A00F0238E /* LICENSE.txt */ = {isa = PBXFileReference; lastKnownFileType = text; path = LICENSE.txt; sourceTree = "<group>"; };
		457D374E1B910DB100A67740 /* BitRange.playground */ = {isa = PBXFileReference; lastKnownFileType = file.playground; path = BitRange.playground; sourceTree = "<group>"; };
		457D6BD31D00B4140046EAB6 /* TestingPublisher.playground */ = {isa = PBXFileReference; lastKnownFileType = file.playground; path = TestingPublisher.playground; sourceTree = "<group>"; };
		458132071C01580900A113F7 /* ObservableTests.swift */ = {isa = PBXFileReference; fileEncoding = 4; lastKnownFileType = sourcecode.swift; path = ObservableTests.swift; sourceTree = "<group>"; };
		45880D401BB43BCC00BB6344 /* README.markdown */ = {isa = PBXFileReference; lastKnownFileType = net.daringfireball.markdown; path = README.markdown; sourceTree = "<group>"; };
		458825021B90CD2900D438AD /* DispatchData.playground */ = {isa = PBXFileReference; lastKnownFileType = file.playground; path = DispatchData.playground; sourceTree = "<group>"; };
		459826D21D56C74800B54CB1 /* Testing.app */ = {isa = PBXFileReference; explicitFileType = wrapper.application; includeInIndex = 0; path = Testing.app; sourceTree = BUILT_PRODUCTS_DIR; };
		459826D41D56C74900B54CB1 /* AppDelegate.swift */ = {isa = PBXFileReference; lastKnownFileType = sourcecode.swift; path = AppDelegate.swift; sourceTree = "<group>"; };
		459826D61D56C74900B54CB1 /* ViewController.swift */ = {isa = PBXFileReference; lastKnownFileType = sourcecode.swift; path = ViewController.swift; sourceTree = "<group>"; };
		459826D81D56C74900B54CB1 /* Assets.xcassets */ = {isa = PBXFileReference; lastKnownFileType = folder.assetcatalog; path = Assets.xcassets; sourceTree = "<group>"; };
		459826DB1D56C74900B54CB1 /* Base */ = {isa = PBXFileReference; lastKnownFileType = file.storyboard; name = Base; path = Base.lproj/Main.storyboard; sourceTree = "<group>"; };
		459826DD1D56C74900B54CB1 /* Info.plist */ = {isa = PBXFileReference; lastKnownFileType = text.plist.xml; path = Info.plist; sourceTree = "<group>"; };
		459BADE91C86959F0014F696 /* ResultTests.swift */ = {isa = PBXFileReference; fileEncoding = 4; lastKnownFileType = sourcecode.swift; path = ResultTests.swift; sourceTree = "<group>"; };
		45B13E331AC076450035DEE9 /* Walker.playground */ = {isa = PBXFileReference; lastKnownFileType = file.playground; path = Walker.playground; sourceTree = "<group>"; };
		45B6EABF1C45CAD100ED40D0 /* PriorityQueue.playground */ = {isa = PBXFileReference; lastKnownFileType = file.playground; path = PriorityQueue.playground; sourceTree = "<group>"; };
		45BA690F19C4C48E00FA7252 /* NSRange_Tests.swift */ = {isa = PBXFileReference; fileEncoding = 4; lastKnownFileType = sourcecode.swift; path = NSRange_Tests.swift; sourceTree = "<group>"; };
		45C2A57A1C86430D00488C45 /* ComparisonTests.swift */ = {isa = PBXFileReference; fileEncoding = 4; lastKnownFileType = sourcecode.swift; path = ComparisonTests.swift; sourceTree = "<group>"; };
		45C2A57C1C86438900488C45 /* VersionTests.swift */ = {isa = PBXFileReference; fileEncoding = 4; lastKnownFileType = sourcecode.swift; path = VersionTests.swift; sourceTree = "<group>"; };
		45D1CDBE1D494875005BE75C /* Versions.playground */ = {isa = PBXFileReference; lastKnownFileType = file.playground; path = Versions.playground; sourceTree = "<group>"; };
		45D52E6E1BE036E70020F6E7 /* HeapTests.swift */ = {isa = PBXFileReference; fileEncoding = 4; lastKnownFileType = sourcecode.swift; path = HeapTests.swift; sourceTree = "<group>"; };
		45E4699E1D5679A100F99DB3 /* Paths.playground */ = {isa = PBXFileReference; lastKnownFileType = file.playground; path = Paths.playground; sourceTree = "<group>"; };
		45E8EEC6199A8EA50035C722 /* SwiftUtilities.framework */ = {isa = PBXFileReference; explicitFileType = wrapper.framework; includeInIndex = 0; path = SwiftUtilities.framework; sourceTree = BUILT_PRODUCTS_DIR; };
		45EA099E1B44C62B00505D14 /* DispatchDataTest.swift */ = {isa = PBXFileReference; fileEncoding = 4; lastKnownFileType = sourcecode.swift; path = DispatchDataTest.swift; sourceTree = "<group>"; };
		45FDD2D01B423CD400BF207C /* Bits.playground */ = {isa = PBXFileReference; lastKnownFileType = file.playground; path = Bits.playground; sourceTree = "<group>"; xcLanguageSpecificationIdentifier = xcode.lang.swift; };
		A4D30000256CA7AA008E3DBE /* Threading.swift */ = {isa = PBXFileReference; fileEncoding = 4; lastKnownFileType = sourcecode.swift; path = Threading.swift; sourceTree = "<group>"; };
		A4D30001256CA7AA008E3DBE /* Walker.swift */ = {isa = PBXFileReference; fileEncoding = 4; lastKnownFileType = sourcecode.swift; path = Walker.swift; sourceTree = "<group>"; };
		A4D30002256CA7AA008E3DBE /* Version.swift */ = {isa = PBXFileReference; fileEncoding = 4; lastKnownFileType = sourcecode.swift; path = Version.swift; sourceTree = "<group>"; };
		A4D30003256CA7AA008E3DBE /* Result.swift */ = {isa = PBXFileReference; fileEncoding = 4; lastKnownFileType = sourcecode.swift; path = Result.swift; sourceTree = "<group>"; };
		A4D30004256CA7AA008E3DBE /* BlockValueTransformer.swift */ = {isa = PBXFileReference; fileEncoding = 4; lastKnownFileType = sourcecode.swift; path = BlockValueTransformer.swift; sourceTree = "<group>"; };
		A4D30005256CA7AA008E3DBE /* Comparison.swift */ = {isa = PBXFileReference; fileEncoding = 4; lastKnownFileType = sourcecode.swift; path = Comparison.swift; sourceTree = "<group>"; };
		A4D30006256CA7AA008E3DBE /* Box.swift */ = {isa = PBXFileReference; fileEncoding = 4; lastKnownFileType = sourcecode.swift; path = Box.swift; sourceTree = "<group>"; };
		A4D30007256CA7AA008E3DBE /* Errno.swift */ = {isa = PBXFileReference; fileEncoding = 4; lastKnownFileType = sourcecode.swift; path = Errno.swift; sourceTree = "<group>"; };
		A4D30008256CA7AA008E3DBE /* Endianness.swift */ = {isa = PBXFileReference; fileEncoding = 4; lastKnownFileType = sourcecode.swift; path = Endianness.swift; sourceTree = "<group>"; };
		A4D30009256CA7AA008E3DBE /* Path.swift */ = {isa = PBXFileReference; fileEncoding = 4; lastKnownFileType = sourcecode.swift; path = Path.swift; sourceTree = "<group>"; };
		A4D3000A256CA7AA008E3DBE /* NSRange+Extensions.swift */ = {isa = PBXFileReference; fileEncoding = 4; lastKnownFileType = sourcecode.swift; path = "NSRange+Extensions.swift"; sourceTree = "<group>"; };
		A4D3000B256CA7AA008E3DBE /* BufferType.swift */ = {isa = PBXFileReference; fileEncoding = 4; lastKnownFileType = sourcecode.swift; path = BufferType.swift; sourceTree = "<group>"; };
		A4D3000C256CA7AA008E3DBE /* Timestamp.swift */ = {isa = PBXFileReference; fileEncoding = 4; lastKnownFileType = sourcecode.swift; path = Timestamp.swift; sourceTree = "<group>"; };
		A4D3000D256CA7AA008E3DBE /* AssociatedObjectHelper.swift */ = {isa = PBXFileReference; fileEncoding = 4; lastKnownFileType = sourcecode.swift; path = AssociatedObjectHelper.swift; sourceTree = "<group>"; };
		A4D3000E256CA7AA008E3DBE /* MapTable.swift */ = {isa = PBXFileReference; fileEncoding = 4; lastKnownFileType = sourcecode.swift; path = MapTable.swift; sourceTree = "<group>"; };
		A4D3000F256CA7AA008E3DBE /* NSMapTable+Extensions.swift */ = {isa = PBXFileReference; fileEncoding = 4; lastKnownFileType = sourcecode.swift; path = "NSMapTable+Extensions.swift"; sourceTree = "<group>"; };
		A4D30010256CA7AA008E3DBE /* AStarSearch.swift */ = {isa = PBXFileReference; fileEncoding = 4; lastKnownFileType = sourcecode.swift; path = AStarSearch.swift; sourceTree = "<group>"; };
		A4D30011256CA7AA008E3DBE /* Dispatch.swift */ = {isa = PBXFileReference; fileEncoding = 4; lastKnownFileType = sourcecode.swift; path = Dispatch.swift; sourceTree = "<group>"; };
		A4D30012256CA7AA008E3DBE /* Collections+Misc.swift */ = {isa = PBXFileReference; fileEncoding = 4; lastKnownFileType = sourcecode.swift; path = "Collections+Misc.swift"; sourceTree = "<group>"; };
		A4D30013256CA7AA008E3DBE /* PriorityQueue.swift */ = {isa = PBXFileReference; fileEncoding = 4; lastKnownFileType = sourcecode.swift; path = PriorityQueue.swift; sourceTree = "<group>"; };
		A4D30014256CA7AA008E3DBE /* UnsafeBufferPointers.swift */ = {isa = PBXFileReference; fileEncoding = 4; lastKnownFileType = sourcecode.swift; path = UnsafeBufferPointers.swift; sourceTree = "<group>"; };
		A4D30015256CA7AA008E3DBE /* PureUtilities.swift */ = {isa = PBXFileReference; fileEncoding = 4; lastKnownFileType = sourcecode.swift; path = PureUtilities.swift; sourceTree = "<group>"; };
		A4D30016256CA7AA008E3DBE /* Atomic.swift */ = {isa = PBXFileReference; fileEncoding = 4; lastKnownFileType = sourcecode.swift; path = Atomic.swift; sourceTree = "<group>"; };
		A4D30017256CA7AA008E3DBE /* DataScanner.swift */ = {isa = PBXFileReference; fileEncoding = 4; lastKnownFileType = sourcecode.swift; path = DataScanner.swift; sourceTree = "<group>"; };
		A4D30018256CA7AA008E3DBE /* DispatchData.swift */ = {isa = PBXFileReference; fileEncoding = 4; lastKnownFileType = sourcecode.swift; path = DispatchData.swift; sourceTree = "<group>"; };
		A4D30019256CA7AA008E3DBE /* Observable.swift */ = {isa = PBXFileReference; fileEncoding = 4; lastKnownFileType = sourcecode.swift; path = Observable.swift; sourceTree = "<group>"; };
		A4D3001A256CA7AA008E3DBE /* Heap.swift */ = {isa = PBXFileReference; fileEncoding = 4; lastKnownFileType = sourcecode.swift; path = Heap.swift; sourceTree = "<group>"; };
		A4D3001B256CA7AA008E3DBE /* CRC16.swift */ = {isa = PBXFileReference; fileEncoding = 4; lastKnownFileType = sourcecode.swift; path = CRC16.swift; sourceTree = "<group>"; };
		A4D3001C256CA7AA008E3DBE /* Errors.swift */ = {isa = PBXFileReference; fileEncoding = 4; lastKnownFileType = sourcecode.swift; path = Errors.swift; sourceTree = "<group>"; };
		A4D3001D256CA7AA008E3DBE /* TestingPublisher.swift */ = {isa = PBXFileReference; fileEncoding = 4; lastKnownFileType = sourcecode.swift; path = TestingPublisher.swift; sourceTree = "<group>"; };
		A4D3001E256CA7AA008E3DBE /* SwiftUtilities.h */ = {isa = PBXFileReference; fileEncoding = 4; lastKnownFileType = sourcecode.c.h; path = SwiftUtilities.h; sourceTree = "<group>"; };
		A4D3001F256CA7AA008E3DBE /* String+Foundation.swift */ = {isa = PBXFileReference; fileEncoding = 4; lastKnownFileType = sourcecode.swift; path = "String+Foundation.swift"; sourceTree = "<group>"; };
		A4D30020256CA7AA008E3DBE /* RegularExpression.swift */ = {isa = PBXFileReference; fileEncoding = 4; lastKnownFileType = sourcecode.swift; path = RegularExpression.swift; sourceTree = "<group>"; };
		A4D30021256CA7AA008E3DBE /* Data+Extensions.swift */ = {isa = PBXFileReference; fileEncoding = 4; lastKnownFileType = sourcecode.swift; path = "Data+Extensions.swift"; sourceTree = "<group>"; };
		A4D30022256CA7AA008E3DBE /* Search.swift */ = {isa = PBXFileReference; fileEncoding = 4; lastKnownFileType = sourcecode.swift; path = Search.swift; sourceTree = "<group>"; };
		A4D30023256CA7AA008E3DBE /* SwiftUtilities.swift */ = {isa = PBXFileReference; fileEncoding = 4; lastKnownFileType = sourcecode.swift; path = SwiftUtilities.swift; sourceTree = "<group>"; };
		A4D3FFF5256CA7AA008E3DBE /* Math.swift */ = {isa = PBXFileReference; fileEncoding = 4; lastKnownFileType = sourcecode.swift; path = Math.swift; sourceTree = "<group>"; };
		A4D3FFF6256CA7AA008E3DBE /* Benchmark.swift */ = {isa = PBXFileReference; fileEncoding = 4; lastKnownFileType = sourcecode.swift; path = Benchmark.swift; sourceTree = "<group>"; };
		A4D3FFF7256CA7AA008E3DBE /* BitRange.swift */ = {isa = PBXFileReference; fileEncoding = 4; lastKnownFileType = sourcecode.swift; path = BitRange.swift; sourceTree = "<group>"; };
		A4D3FFF8256CA7AA008E3DBE /* Publisher.swift */ = {isa = PBXFileReference; fileEncoding = 4; lastKnownFileType = sourcecode.swift; path = Publisher.swift; sourceTree = "<group>"; };
		A4D3FFF9256CA7AA008E3DBE /* NSURL+Extensions.swift */ = {isa = PBXFileReference; fileEncoding = 4; lastKnownFileType = sourcecode.swift; path = "NSURL+Extensions.swift"; sourceTree = "<group>"; };
		A4D3FFFA256CA7AA008E3DBE /* NSDate+Extensions.swift */ = {isa = PBXFileReference; fileEncoding = 4; lastKnownFileType = sourcecode.swift; path = "NSDate+Extensions.swift"; sourceTree = "<group>"; };
		A4D3FFFB256CA7AA008E3DBE /* Utilities.swift */ = {isa = PBXFileReference; fileEncoding = 4; lastKnownFileType = sourcecode.swift; path = Utilities.swift; sourceTree = "<group>"; };
		A4D3FFFC256CA7AA008E3DBE /* Bases.swift */ = {isa = PBXFileReference; fileEncoding = 4; lastKnownFileType = sourcecode.swift; path = Bases.swift; sourceTree = "<group>"; };
		A4D3FFFD256CA7AA008E3DBE /* String+Extensions.swift */ = {isa = PBXFileReference; fileEncoding = 4; lastKnownFileType = sourcecode.swift; path = "String+Extensions.swift"; sourceTree = "<group>"; };
		A4D3FFFE256CA7AA008E3DBE /* Hexdump.swift */ = {isa = PBXFileReference; fileEncoding = 4; lastKnownFileType = sourcecode.swift; path = Hexdump.swift; sourceTree = "<group>"; };
		A4D3FFFF256CA7AA008E3DBE /* InternalUtilities.swift */ = {isa = PBXFileReference; fileEncoding = 4; lastKnownFileType = sourcecode.swift; path = InternalUtilities.swift; sourceTree = "<group>"; };
/* End PBXFileReference section */

/* Begin PBXFrameworksBuildPhase section */
		321D36BE20881E3100BDCDD2 /* Frameworks */ = {
			isa = PBXFrameworksBuildPhase;
			buildActionMask = 2147483647;
			files = (
				321D36D320881EE400BDCDD2 /* SwiftUtilities.framework in Frameworks */,
			);
			runOnlyForDeploymentPostprocessing = 0;
		};
		459826CF1D56C74800B54CB1 /* Frameworks */ = {
			isa = PBXFrameworksBuildPhase;
			buildActionMask = 2147483647;
			files = (
			);
			runOnlyForDeploymentPostprocessing = 0;
		};
		45E8EEC2199A8EA50035C722 /* Frameworks */ = {
			isa = PBXFrameworksBuildPhase;
			buildActionMask = 2147483647;
			files = (
			);
			runOnlyForDeploymentPostprocessing = 0;
		};
/* End PBXFrameworksBuildPhase section */

/* Begin PBXGroup section */
		321D36C220881E3100BDCDD2 /* iOSTestApp */ = {
			isa = PBXGroup;
			children = (
				321D36C320881E3100BDCDD2 /* AppDelegate.swift */,
				321D36C520881E3100BDCDD2 /* ViewController.swift */,
				321D36C720881E3100BDCDD2 /* Main.storyboard */,
				321D36CA20881E3100BDCDD2 /* Assets.xcassets */,
				321D36CC20881E3100BDCDD2 /* LaunchScreen.storyboard */,
				321D36CF20881E3100BDCDD2 /* Info.plist */,
			);
			path = iOSTestApp;
			sourceTree = "<group>";
		};
		459826D31D56C74900B54CB1 /* Testing */ = {
			isa = PBXGroup;
			children = (
				459826D41D56C74900B54CB1 /* AppDelegate.swift */,
				459826D61D56C74900B54CB1 /* ViewController.swift */,
				459826D81D56C74900B54CB1 /* Assets.xcassets */,
				459826DA1D56C74900B54CB1 /* Main.storyboard */,
				459826DD1D56C74900B54CB1 /* Info.plist */,
			);
			path = Testing;
			sourceTree = "<group>";
		};
		45B13E311AC076450035DEE9 /* Playgrounds */ = {
			isa = PBXGroup;
			children = (
				452B30AB1AC0996100920B6A /* RegularExpressionPlayground.playground */,
				45B13E331AC076450035DEE9 /* Walker.playground */,
				45FDD2D01B423CD400BF207C /* Bits.playground */,
				458825021B90CD2900D438AD /* DispatchData.playground */,
				4521A3B81B90F2F6007087D2 /* BloomFilter.playground */,
				457D374E1B910DB100A67740 /* BitRange.playground */,
				45B6EABF1C45CAD100ED40D0 /* PriorityQueue.playground */,
				457D6BD31D00B4140046EAB6 /* TestingPublisher.playground */,
				45D1CDBE1D494875005BE75C /* Versions.playground */,
				45E4699E1D5679A100F99DB3 /* Paths.playground */,
			);
			path = Playgrounds;
			sourceTree = "<group>";
		};
		45E8EE9A199A8E080035C722 = {
			isa = PBXGroup;
			children = (
				A4D300A3256CAAE1008E3DBE /* Tests */,
				45880D401BB43BCC00BB6344 /* README.markdown */,
				455B6A201D95A83A00F0238E /* LICENSE.txt */,
				A4D3FFF3256CA7AA008E3DBE /* Sources */,
				45B13E311AC076450035DEE9 /* Playgrounds */,
				683243C9FC6F570CB43FF73E /* Supporting Files */,
				459826D31D56C74900B54CB1 /* Testing */,
				321D36C220881E3100BDCDD2 /* iOSTestApp */,
				45E8EEA5199A8E080035C722 /* Products */,
			);
			sourceTree = "<group>";
		};
		45E8EEA5199A8E080035C722 /* Products */ = {
			isa = PBXGroup;
			children = (
				45E8EEC6199A8EA50035C722 /* SwiftUtilities.framework */,
				459826D21D56C74800B54CB1 /* Testing.app */,
				321D36C120881E3100BDCDD2 /* iOSTestApp.app */,
			);
			name = Products;
			sourceTree = "<group>";
		};
		45E8EEE3199A90720035C722 /* SwiftUtilitiesTests */ = {
			isa = PBXGroup;
			children = (
				45BA690F19C4C48E00FA7252 /* NSRange_Tests.swift */,
				452E96FC1B3CA523002269CD /* NumberBases_Tests.swift */,
				452E97001B3CA529002269CD /* BitRange_Tests.swift */,
				452E96FD1B3CA523002269CD /* Utilities.swift */,
				45EA099E1B44C62B00505D14 /* DispatchDataTest.swift */,
				453E47811B7C2D950070218B /* DataScannerTest.swift */,
				452E1A2C1BCDC30F000FC9FA /* RegularExpressionTests.swift */,
				45D52E6E1BE036E70020F6E7 /* HeapTests.swift */,
				458132071C01580900A113F7 /* ObservableTests.swift */,
				455B23991C55FA2400D19F7F /* PathTests.swift */,
				45C2A57A1C86430D00488C45 /* ComparisonTests.swift */,
				45C2A57C1C86438900488C45 /* VersionTests.swift */,
				459BADE91C86959F0014F696 /* ResultTests.swift */,
				454820E91D15CF23003AB1D6 /* Info.plist */,
			);
			path = SwiftUtilitiesTests;
			sourceTree = "<group>";
		};
		683243C9FC6F570CB43FF73E /* Supporting Files */ = {
			isa = PBXGroup;
			children = (
				453D8D391C17577300CC5D8F /* Info.plist */,
			);
			path = "Supporting Files";
			sourceTree = "<group>";
		};
		A4D300A3256CAAE1008E3DBE /* Tests */ = {
			isa = PBXGroup;
			children = (
				45E8EEE3199A90720035C722 /* SwiftUtilitiesTests */,
			);
			path = Tests;
			sourceTree = "<group>";
		};
		A4D3FFF3256CA7AA008E3DBE /* Sources */ = {
			isa = PBXGroup;
			children = (
				A4D3FFF4256CA7AA008E3DBE /* SwiftUtilities */,
			);
			path = Sources;
			sourceTree = "<group>";
		};
		A4D3FFF4256CA7AA008E3DBE /* SwiftUtilities */ = {
			isa = PBXGroup;
			children = (
				A4D3FFF5256CA7AA008E3DBE /* Math.swift */,
				A4D3FFF6256CA7AA008E3DBE /* Benchmark.swift */,
				A4D3FFF7256CA7AA008E3DBE /* BitRange.swift */,
				A4D3FFF8256CA7AA008E3DBE /* Publisher.swift */,
				A4D3FFF9256CA7AA008E3DBE /* NSURL+Extensions.swift */,
				A4D3FFFA256CA7AA008E3DBE /* NSDate+Extensions.swift */,
				A4D3FFFB256CA7AA008E3DBE /* Utilities.swift */,
				A4D3FFFC256CA7AA008E3DBE /* Bases.swift */,
				A4D3FFFD256CA7AA008E3DBE /* String+Extensions.swift */,
				A4D3FFFE256CA7AA008E3DBE /* Hexdump.swift */,
				A4D3FFFF256CA7AA008E3DBE /* InternalUtilities.swift */,
				A4D30000256CA7AA008E3DBE /* Threading.swift */,
				A4D30001256CA7AA008E3DBE /* Walker.swift */,
				A4D30002256CA7AA008E3DBE /* Version.swift */,
				A4D30003256CA7AA008E3DBE /* Result.swift */,
				A4D30004256CA7AA008E3DBE /* BlockValueTransformer.swift */,
				A4D30005256CA7AA008E3DBE /* Comparison.swift */,
				A4D30006256CA7AA008E3DBE /* Box.swift */,
				A4D30007256CA7AA008E3DBE /* Errno.swift */,
				A4D30008256CA7AA008E3DBE /* Endianness.swift */,
				A4D30009256CA7AA008E3DBE /* Path.swift */,
				A4D3000A256CA7AA008E3DBE /* NSRange+Extensions.swift */,
				A4D3000B256CA7AA008E3DBE /* BufferType.swift */,
				A4D3000C256CA7AA008E3DBE /* Timestamp.swift */,
				A4D3000D256CA7AA008E3DBE /* AssociatedObjectHelper.swift */,
				A4D3000E256CA7AA008E3DBE /* MapTable.swift */,
				A4D3000F256CA7AA008E3DBE /* NSMapTable+Extensions.swift */,
				A4D30010256CA7AA008E3DBE /* AStarSearch.swift */,
				A4D30011256CA7AA008E3DBE /* Dispatch.swift */,
				A4D30012256CA7AA008E3DBE /* Collections+Misc.swift */,
				A4D30013256CA7AA008E3DBE /* PriorityQueue.swift */,
				A4D30014256CA7AA008E3DBE /* UnsafeBufferPointers.swift */,
				A4D30015256CA7AA008E3DBE /* PureUtilities.swift */,
				A4D30016256CA7AA008E3DBE /* Atomic.swift */,
				A4D30017256CA7AA008E3DBE /* DataScanner.swift */,
				A4D30018256CA7AA008E3DBE /* DispatchData.swift */,
				A4D30019256CA7AA008E3DBE /* Observable.swift */,
				A4D3001A256CA7AA008E3DBE /* Heap.swift */,
				A4D3001B256CA7AA008E3DBE /* CRC16.swift */,
				A4D3001C256CA7AA008E3DBE /* Errors.swift */,
				A4D3001D256CA7AA008E3DBE /* TestingPublisher.swift */,
				A4D3001E256CA7AA008E3DBE /* SwiftUtilities.h */,
				A4D3001F256CA7AA008E3DBE /* String+Foundation.swift */,
				A4D30020256CA7AA008E3DBE /* RegularExpression.swift */,
				A4D30021256CA7AA008E3DBE /* Data+Extensions.swift */,
				A4D30022256CA7AA008E3DBE /* Search.swift */,
				A4D30023256CA7AA008E3DBE /* SwiftUtilities.swift */,
			);
			path = SwiftUtilities;
			sourceTree = "<group>";
		};
/* End PBXGroup section */

/* Begin PBXHeadersBuildPhase section */
		45E8EEC3199A8EA50035C722 /* Headers */ = {
			isa = PBXHeadersBuildPhase;
			buildActionMask = 2147483647;
			files = (
				A4D30076256CA7AB008E3DBE /* SwiftUtilities.h in Headers */,
			);
			runOnlyForDeploymentPostprocessing = 0;
		};
/* End PBXHeadersBuildPhase section */

/* Begin PBXNativeTarget section */
		321D36C020881E3100BDCDD2 /* iOSTestApp */ = {
			isa = PBXNativeTarget;
			buildConfigurationList = 321D36D220881E3100BDCDD2 /* Build configuration list for PBXNativeTarget "iOSTestApp" */;
			buildPhases = (
				321D36BD20881E3100BDCDD2 /* Sources */,
				321D36BE20881E3100BDCDD2 /* Frameworks */,
				321D36BF20881E3100BDCDD2 /* Resources */,
				321D36D720881EE400BDCDD2 /* Embed Frameworks */,
			);
			buildRules = (
			);
			dependencies = (
				321D36D620881EE400BDCDD2 /* PBXTargetDependency */,
			);
			name = iOSTestApp;
			productName = iOSTestApp;
			productReference = 321D36C120881E3100BDCDD2 /* iOSTestApp.app */;
			productType = "com.apple.product-type.application";
		};
		459826D11D56C74800B54CB1 /* Testing */ = {
			isa = PBXNativeTarget;
			buildConfigurationList = 459826E01D56C74900B54CB1 /* Build configuration list for PBXNativeTarget "Testing" */;
			buildPhases = (
				459826CE1D56C74800B54CB1 /* Sources */,
				459826CF1D56C74800B54CB1 /* Frameworks */,
				459826D01D56C74800B54CB1 /* Resources */,
				459826E31D56C75F00B54CB1 /* CopyFiles */,
			);
			buildRules = (
			);
			dependencies = (
			);
			name = Testing;
			productName = Testing;
			productReference = 459826D21D56C74800B54CB1 /* Testing.app */;
			productType = "com.apple.product-type.application";
		};
		45E8EEC5199A8EA50035C722 /* SwiftUtilities_iOS */ = {
			isa = PBXNativeTarget;
			buildConfigurationList = 45E8EED6199A8EA60035C722 /* Build configuration list for PBXNativeTarget "SwiftUtilities_iOS" */;
			buildPhases = (
				45E8EEC1199A8EA50035C722 /* Sources */,
				45E8EEC2199A8EA50035C722 /* Frameworks */,
				45E8EEC3199A8EA50035C722 /* Headers */,
				45E8EEC4199A8EA50035C722 /* Resources */,
				455B239B1C56040400D19F7F /* Run Swiftlint */,
			);
			buildRules = (
			);
			dependencies = (
			);
			name = SwiftUtilities_iOS;
			productName = SwiftUtilities;
			productReference = 45E8EEC6199A8EA50035C722 /* SwiftUtilities.framework */;
			productType = "com.apple.product-type.framework";
		};
/* End PBXNativeTarget section */

/* Begin PBXProject section */
		45E8EE9B199A8E080035C722 /* Project object */ = {
			isa = PBXProject;
			attributes = {
				LastSwiftUpdateCheck = 0920;
				LastUpgradeCheck = 1210;
				ORGANIZATIONNAME = schwa.io;
				TargetAttributes = {
					321D36C020881E3100BDCDD2 = {
						CreatedOnToolsVersion = 9.2;
						DevelopmentTeam = A8YPB846P8;
						ProvisioningStyle = Automatic;
					};
					459826D11D56C74800B54CB1 = {
						CreatedOnToolsVersion = 7.3.1;
					};
					45E8EEC5199A8EA50035C722 = {
						CreatedOnToolsVersion = 6.0;
						DevelopmentTeam = A8YPB846P8;
						LastSwiftMigration = 1020;
					};
				};
			};
			buildConfigurationList = 45E8EE9E199A8E080035C722 /* Build configuration list for PBXProject "SwiftUtilities" */;
			compatibilityVersion = "Xcode 3.2";
			developmentRegion = en;
			hasScannedForEncodings = 0;
			knownRegions = (
				en,
				Base,
			);
			mainGroup = 45E8EE9A199A8E080035C722;
			productRefGroup = 45E8EEA5199A8E080035C722 /* Products */;
			projectDirPath = "";
			projectRoot = "";
			targets = (
				45E8EEC5199A8EA50035C722 /* SwiftUtilities_iOS */,
				459826D11D56C74800B54CB1 /* Testing */,
				321D36C020881E3100BDCDD2 /* iOSTestApp */,
			);
		};
/* End PBXProject section */

/* Begin PBXResourcesBuildPhase section */
		321D36BF20881E3100BDCDD2 /* Resources */ = {
			isa = PBXResourcesBuildPhase;
			buildActionMask = 2147483647;
			files = (
				321D36CE20881E3100BDCDD2 /* LaunchScreen.storyboard in Resources */,
				321D36CB20881E3100BDCDD2 /* Assets.xcassets in Resources */,
				321D36C920881E3100BDCDD2 /* Main.storyboard in Resources */,
			);
			runOnlyForDeploymentPostprocessing = 0;
		};
		459826D01D56C74800B54CB1 /* Resources */ = {
			isa = PBXResourcesBuildPhase;
			buildActionMask = 2147483647;
			files = (
				459826D91D56C74900B54CB1 /* Assets.xcassets in Resources */,
				459826DC1D56C74900B54CB1 /* Main.storyboard in Resources */,
			);
			runOnlyForDeploymentPostprocessing = 0;
		};
		45E8EEC4199A8EA50035C722 /* Resources */ = {
			isa = PBXResourcesBuildPhase;
			buildActionMask = 2147483647;
			files = (
				A4D300CA256CADAF008E3DBE /* Info.plist in Resources */,
			);
			runOnlyForDeploymentPostprocessing = 0;
		};
/* End PBXResourcesBuildPhase section */

/* Begin PBXShellScriptBuildPhase section */
		455B239B1C56040400D19F7F /* Run Swiftlint */ = {
			isa = PBXShellScriptBuildPhase;
			buildActionMask = 2147483647;
			files = (
			);
			inputPaths = (
			);
			name = "Run Swiftlint";
			outputPaths = (
			);
			runOnlyForDeploymentPostprocessing = 0;
			shellPath = /bin/sh;
			shellScript = "if test $CARTHAGE = \"YES\"; then\n  exit 0\nfi\n\nif which swiftlint >/dev/null; then\n  swiftlint lint --quiet\nelse\n  echo \"SwiftLint does not exist, download from https://github.com/realm/SwiftLint\"\nfi";
			showEnvVarsInLog = 0;
		};
/* End PBXShellScriptBuildPhase section */

/* Begin PBXSourcesBuildPhase section */
		321D36BD20881E3100BDCDD2 /* Sources */ = {
			isa = PBXSourcesBuildPhase;
			buildActionMask = 2147483647;
			files = (
				321D36C620881E3100BDCDD2 /* ViewController.swift in Sources */,
				321D36C420881E3100BDCDD2 /* AppDelegate.swift in Sources */,
			);
			runOnlyForDeploymentPostprocessing = 0;
		};
		459826CE1D56C74800B54CB1 /* Sources */ = {
			isa = PBXSourcesBuildPhase;
			buildActionMask = 2147483647;
			files = (
				459826D71D56C74900B54CB1 /* ViewController.swift in Sources */,
				459826D51D56C74900B54CB1 /* AppDelegate.swift in Sources */,
			);
			runOnlyForDeploymentPostprocessing = 0;
		};
		45E8EEC1199A8EA50035C722 /* Sources */ = {
			isa = PBXSourcesBuildPhase;
			buildActionMask = 2147483647;
			files = (
				A4D30060256CA7AA008E3DBE /* PriorityQueue.swift in Sources */,
				A4D3002E256CA7AA008E3DBE /* NSDate+Extensions.swift in Sources */,
				A4D3004C256CA7AA008E3DBE /* Path.swift in Sources */,
				A4D3006A256CA7AB008E3DBE /* DispatchData.swift in Sources */,
				A4D30042256CA7AA008E3DBE /* BlockValueTransformer.swift in Sources */,
				A4D30066256CA7AA008E3DBE /* Atomic.swift in Sources */,
				A4D30064256CA7AA008E3DBE /* PureUtilities.swift in Sources */,
				A4D3002A256CA7AA008E3DBE /* Publisher.swift in Sources */,
				A4D30080256CA7AB008E3DBE /* SwiftUtilities.swift in Sources */,
				A4D30062256CA7AA008E3DBE /* UnsafeBufferPointers.swift in Sources */,
				A4D30048256CA7AA008E3DBE /* Errno.swift in Sources */,
				A4D30074256CA7AB008E3DBE /* TestingPublisher.swift in Sources */,
				A4D30038256CA7AA008E3DBE /* InternalUtilities.swift in Sources */,
				A4D30052256CA7AA008E3DBE /* Timestamp.swift in Sources */,
				A4D30056256CA7AA008E3DBE /* MapTable.swift in Sources */,
				A4D30044256CA7AA008E3DBE /* Comparison.swift in Sources */,
				A4D3005A256CA7AA008E3DBE /* AStarSearch.swift in Sources */,
				A4D30030256CA7AA008E3DBE /* Utilities.swift in Sources */,
				A4D30070256CA7AB008E3DBE /* CRC16.swift in Sources */,
				A4D3003E256CA7AA008E3DBE /* Version.swift in Sources */,
				A4D3005C256CA7AA008E3DBE /* Dispatch.swift in Sources */,
				A4D3003C256CA7AA008E3DBE /* Walker.swift in Sources */,
				A4D3007A256CA7AB008E3DBE /* RegularExpression.swift in Sources */,
				A4D30040256CA7AA008E3DBE /* Result.swift in Sources */,
				A4D30050256CA7AA008E3DBE /* BufferType.swift in Sources */,
				A4D30046256CA7AA008E3DBE /* Box.swift in Sources */,
				A4D3005E256CA7AA008E3DBE /* Collections+Misc.swift in Sources */,
				A4D30078256CA7AB008E3DBE /* String+Foundation.swift in Sources */,
				A4D3007E256CA7AB008E3DBE /* Search.swift in Sources */,
				A4D3006E256CA7AB008E3DBE /* Heap.swift in Sources */,
				A4D3004A256CA7AA008E3DBE /* Endianness.swift in Sources */,
				A4D3003A256CA7AA008E3DBE /* Threading.swift in Sources */,
				A4D30054256CA7AA008E3DBE /* AssociatedObjectHelper.swift in Sources */,
				A4D3004E256CA7AA008E3DBE /* NSRange+Extensions.swift in Sources */,
				A4D30036256CA7AA008E3DBE /* Hexdump.swift in Sources */,
				A4D30024256CA7AA008E3DBE /* Math.swift in Sources */,
				A4D30034256CA7AA008E3DBE /* String+Extensions.swift in Sources */,
				A4D3006C256CA7AB008E3DBE /* Observable.swift in Sources */,
				A4D30058256CA7AA008E3DBE /* NSMapTable+Extensions.swift in Sources */,
				A4D30032256CA7AA008E3DBE /* Bases.swift in Sources */,
				A4D3002C256CA7AA008E3DBE /* NSURL+Extensions.swift in Sources */,
				A4D30072256CA7AB008E3DBE /* Errors.swift in Sources */,
				A4D30068256CA7AA008E3DBE /* DataScanner.swift in Sources */,
				A4D3007C256CA7AB008E3DBE /* Data+Extensions.swift in Sources */,
				A4D30026256CA7AA008E3DBE /* Benchmark.swift in Sources */,
				A4D30028256CA7AA008E3DBE /* BitRange.swift in Sources */,
			);
			runOnlyForDeploymentPostprocessing = 0;
		};
/* End PBXSourcesBuildPhase section */

/* Begin PBXTargetDependency section */
		321D36D620881EE400BDCDD2 /* PBXTargetDependency */ = {
			isa = PBXTargetDependency;
			target = 45E8EEC5199A8EA50035C722 /* SwiftUtilities_iOS */;
			targetProxy = 321D36D520881EE400BDCDD2 /* PBXContainerItemProxy */;
		};
/* End PBXTargetDependency section */

/* Begin PBXVariantGroup section */
		321D36C720881E3100BDCDD2 /* Main.storyboard */ = {
			isa = PBXVariantGroup;
			children = (
				321D36C820881E3100BDCDD2 /* Base */,
			);
			name = Main.storyboard;
			sourceTree = "<group>";
		};
		321D36CC20881E3100BDCDD2 /* LaunchScreen.storyboard */ = {
			isa = PBXVariantGroup;
			children = (
				321D36CD20881E3100BDCDD2 /* Base */,
			);
			name = LaunchScreen.storyboard;
			sourceTree = "<group>";
		};
		459826DA1D56C74900B54CB1 /* Main.storyboard */ = {
			isa = PBXVariantGroup;
			children = (
				459826DB1D56C74900B54CB1 /* Base */,
			);
			name = Main.storyboard;
			sourceTree = "<group>";
		};
/* End PBXVariantGroup section */

/* Begin XCBuildConfiguration section */
		321D36D020881E3100BDCDD2 /* Debug */ = {
			isa = XCBuildConfiguration;
			buildSettings = {
				ALWAYS_EMBED_SWIFT_STANDARD_LIBRARIES = YES;
				ASSETCATALOG_COMPILER_APPICON_NAME = AppIcon;
				CLANG_ANALYZER_NONNULL = YES;
				CLANG_ANALYZER_NUMBER_OBJECT_CONVERSION = YES_AGGRESSIVE;
				CLANG_CXX_LANGUAGE_STANDARD = "gnu++14";
				CLANG_WARN_BLOCK_CAPTURE_AUTORELEASING = YES;
				CLANG_WARN_COMMA = YES;
				CLANG_WARN_DOCUMENTATION_COMMENTS = YES;
				CLANG_WARN_NON_LITERAL_NULL_CONVERSION = YES;
				CLANG_WARN_OBJC_LITERAL_CONVERSION = YES;
				CLANG_WARN_RANGE_LOOP_ANALYSIS = YES;
				CLANG_WARN_STRICT_PROTOTYPES = YES;
				CLANG_WARN_UNGUARDED_AVAILABILITY = YES_AGGRESSIVE;
				CODE_SIGN_IDENTITY = "iPhone Developer";
				CODE_SIGN_STYLE = Automatic;
				DEBUG_INFORMATION_FORMAT = dwarf;
				DEVELOPMENT_TEAM = A8YPB846P8;
				GCC_C_LANGUAGE_STANDARD = gnu11;
				GCC_DYNAMIC_NO_PIC = NO;
				INFOPLIST_FILE = iOSTestApp/Info.plist;
				IPHONEOS_DEPLOYMENT_TARGET = 12.0;
				LD_RUNPATH_SEARCH_PATHS = "$(inherited) @executable_path/Frameworks";
				MTL_ENABLE_DEBUG_INFO = YES;
				PRODUCT_BUNDLE_IDENTIFIER = com.3drobotics.iOSTestApp;
				PRODUCT_NAME = "$(TARGET_NAME)";
				SDKROOT = iphoneos;
				SWIFT_ACTIVE_COMPILATION_CONDITIONS = DEBUG;
				SWIFT_VERSION = 4.0;
				TARGETED_DEVICE_FAMILY = "1,2";
			};
			name = Debug;
		};
		321D36D120881E3100BDCDD2 /* Release */ = {
			isa = XCBuildConfiguration;
			buildSettings = {
				ALWAYS_EMBED_SWIFT_STANDARD_LIBRARIES = YES;
				ASSETCATALOG_COMPILER_APPICON_NAME = AppIcon;
				CLANG_ANALYZER_NONNULL = YES;
				CLANG_ANALYZER_NUMBER_OBJECT_CONVERSION = YES_AGGRESSIVE;
				CLANG_CXX_LANGUAGE_STANDARD = "gnu++14";
				CLANG_WARN_BLOCK_CAPTURE_AUTORELEASING = YES;
				CLANG_WARN_COMMA = YES;
				CLANG_WARN_DOCUMENTATION_COMMENTS = YES;
				CLANG_WARN_NON_LITERAL_NULL_CONVERSION = YES;
				CLANG_WARN_OBJC_LITERAL_CONVERSION = YES;
				CLANG_WARN_RANGE_LOOP_ANALYSIS = YES;
				CLANG_WARN_STRICT_PROTOTYPES = YES;
				CLANG_WARN_UNGUARDED_AVAILABILITY = YES_AGGRESSIVE;
				CODE_SIGN_IDENTITY = "iPhone Developer";
				CODE_SIGN_STYLE = Automatic;
				COPY_PHASE_STRIP = NO;
				DEVELOPMENT_TEAM = A8YPB846P8;
				GCC_C_LANGUAGE_STANDARD = gnu11;
				INFOPLIST_FILE = iOSTestApp/Info.plist;
				IPHONEOS_DEPLOYMENT_TARGET = 12.0;
				LD_RUNPATH_SEARCH_PATHS = "$(inherited) @executable_path/Frameworks";
				MTL_ENABLE_DEBUG_INFO = NO;
				PRODUCT_BUNDLE_IDENTIFIER = com.3drobotics.iOSTestApp;
				PRODUCT_NAME = "$(TARGET_NAME)";
				SDKROOT = iphoneos;
				SWIFT_VERSION = 4.0;
				TARGETED_DEVICE_FAMILY = "1,2";
				VALIDATE_PRODUCT = YES;
			};
			name = Release;
		};
		459826DE1D56C74900B54CB1 /* Debug */ = {
			isa = XCBuildConfiguration;
			buildSettings = {
				ALWAYS_EMBED_SWIFT_STANDARD_LIBRARIES = YES;
				ASSETCATALOG_COMPILER_APPICON_NAME = AppIcon;
				CLANG_ANALYZER_NONNULL = YES;
				CODE_SIGN_IDENTITY = "-";
				COMBINE_HIDPI_IMAGES = YES;
				DEBUG_INFORMATION_FORMAT = dwarf;
				GCC_DYNAMIC_NO_PIC = NO;
				GCC_NO_COMMON_BLOCKS = YES;
				INFOPLIST_FILE = Testing/Info.plist;
				LD_RUNPATH_SEARCH_PATHS = "$(inherited) @executable_path/../Frameworks";
				MACOSX_DEPLOYMENT_TARGET = 10.11;
				MTL_ENABLE_DEBUG_INFO = YES;
				PRODUCT_BUNDLE_IDENTIFIER = io.schwa.Testing;
				PRODUCT_NAME = "$(TARGET_NAME)";
				SWIFT_VERSION = 4.0;
			};
			name = Debug;
		};
		459826DF1D56C74900B54CB1 /* Release */ = {
			isa = XCBuildConfiguration;
			buildSettings = {
				ALWAYS_EMBED_SWIFT_STANDARD_LIBRARIES = YES;
				ASSETCATALOG_COMPILER_APPICON_NAME = AppIcon;
				CLANG_ANALYZER_NONNULL = YES;
				CODE_SIGN_IDENTITY = "-";
				COMBINE_HIDPI_IMAGES = YES;
				COPY_PHASE_STRIP = NO;
				GCC_NO_COMMON_BLOCKS = YES;
				INFOPLIST_FILE = Testing/Info.plist;
				LD_RUNPATH_SEARCH_PATHS = "$(inherited) @executable_path/../Frameworks";
				MACOSX_DEPLOYMENT_TARGET = 10.11;
				MTL_ENABLE_DEBUG_INFO = NO;
				PRODUCT_BUNDLE_IDENTIFIER = io.schwa.Testing;
				PRODUCT_NAME = "$(TARGET_NAME)";
				SWIFT_VERSION = 4.0;
			};
			name = Release;
		};
		45E8EEB5199A8E080035C722 /* Debug */ = {
			isa = XCBuildConfiguration;
			buildSettings = {
				ALWAYS_SEARCH_USER_PATHS = NO;
				CLANG_ANALYZER_LOCALIZABILITY_NONLOCALIZED = YES;
				CLANG_CXX_LANGUAGE_STANDARD = "gnu++0x";
				CLANG_CXX_LIBRARY = "libc++";
				CLANG_ENABLE_MODULES = YES;
				CLANG_ENABLE_OBJC_ARC = YES;
				CLANG_WARN_BLOCK_CAPTURE_AUTORELEASING = YES;
				CLANG_WARN_BOOL_CONVERSION = YES;
				CLANG_WARN_COMMA = YES;
				CLANG_WARN_CONSTANT_CONVERSION = YES;
				CLANG_WARN_DEPRECATED_OBJC_IMPLEMENTATIONS = YES;
				CLANG_WARN_DIRECT_OBJC_ISA_USAGE = YES_ERROR;
				CLANG_WARN_EMPTY_BODY = YES;
				CLANG_WARN_ENUM_CONVERSION = YES;
				CLANG_WARN_INFINITE_RECURSION = YES;
				CLANG_WARN_INT_CONVERSION = YES;
				CLANG_WARN_NON_LITERAL_NULL_CONVERSION = YES;
				CLANG_WARN_OBJC_IMPLICIT_RETAIN_SELF = YES;
				CLANG_WARN_OBJC_LITERAL_CONVERSION = YES;
				CLANG_WARN_OBJC_ROOT_CLASS = YES_ERROR;
				CLANG_WARN_QUOTED_INCLUDE_IN_FRAMEWORK_HEADER = YES;
				CLANG_WARN_RANGE_LOOP_ANALYSIS = YES;
				CLANG_WARN_STRICT_PROTOTYPES = YES;
				CLANG_WARN_SUSPICIOUS_MOVE = YES;
				CLANG_WARN_UNREACHABLE_CODE = YES;
				CLANG_WARN__DUPLICATE_METHOD_MATCH = YES;
				COPY_PHASE_STRIP = NO;
				CURRENT_PROJECT_VERSION = 1;
				ENABLE_NS_ASSERTIONS = YES;
				ENABLE_STRICT_OBJC_MSGSEND = YES;
				ENABLE_TESTABILITY = YES;
				GCC_C_LANGUAGE_STANDARD = gnu99;
				GCC_NO_COMMON_BLOCKS = YES;
				GCC_OPTIMIZATION_LEVEL = 0;
				GCC_PREPROCESSOR_DEFINITIONS = (
					"DEBUG=1",
					"$(inherited)",
				);
				GCC_WARN_64_TO_32_BIT_CONVERSION = YES;
				GCC_WARN_ABOUT_RETURN_TYPE = YES_ERROR;
				GCC_WARN_UNDECLARED_SELECTOR = YES;
				GCC_WARN_UNINITIALIZED_AUTOS = YES_AGGRESSIVE;
				GCC_WARN_UNUSED_FUNCTION = YES;
				GCC_WARN_UNUSED_VARIABLE = YES;
				IPHONEOS_DEPLOYMENT_TARGET = 12.0;
				MACOSX_DEPLOYMENT_TARGET = 10.11;
				ONLY_ACTIVE_ARCH = YES;
				SDKROOT = macosx;
				SWIFT_OPTIMIZATION_LEVEL = "-Onone";
				SWIFT_VERSION = 5.0;
				VERSIONING_SYSTEM = "apple-generic";
				VERSION_INFO_PREFIX = "";
			};
			name = Debug;
		};
		45E8EEB6199A8E080035C722 /* Release */ = {
			isa = XCBuildConfiguration;
			buildSettings = {
				ALWAYS_SEARCH_USER_PATHS = NO;
				CLANG_ANALYZER_LOCALIZABILITY_NONLOCALIZED = YES;
				CLANG_CXX_LANGUAGE_STANDARD = "gnu++0x";
				CLANG_CXX_LIBRARY = "libc++";
				CLANG_ENABLE_MODULES = YES;
				CLANG_ENABLE_OBJC_ARC = YES;
				CLANG_WARN_BLOCK_CAPTURE_AUTORELEASING = YES;
				CLANG_WARN_BOOL_CONVERSION = YES;
				CLANG_WARN_COMMA = YES;
				CLANG_WARN_CONSTANT_CONVERSION = YES;
				CLANG_WARN_DEPRECATED_OBJC_IMPLEMENTATIONS = YES;
				CLANG_WARN_DIRECT_OBJC_ISA_USAGE = YES_ERROR;
				CLANG_WARN_EMPTY_BODY = YES;
				CLANG_WARN_ENUM_CONVERSION = YES;
				CLANG_WARN_INFINITE_RECURSION = YES;
				CLANG_WARN_INT_CONVERSION = YES;
				CLANG_WARN_NON_LITERAL_NULL_CONVERSION = YES;
				CLANG_WARN_OBJC_IMPLICIT_RETAIN_SELF = YES;
				CLANG_WARN_OBJC_LITERAL_CONVERSION = YES;
				CLANG_WARN_OBJC_ROOT_CLASS = YES_ERROR;
				CLANG_WARN_QUOTED_INCLUDE_IN_FRAMEWORK_HEADER = YES;
				CLANG_WARN_RANGE_LOOP_ANALYSIS = YES;
				CLANG_WARN_STRICT_PROTOTYPES = YES;
				CLANG_WARN_SUSPICIOUS_MOVE = YES;
				CLANG_WARN_UNREACHABLE_CODE = YES;
				CLANG_WARN__DUPLICATE_METHOD_MATCH = YES;
				COPY_PHASE_STRIP = YES;
				CURRENT_PROJECT_VERSION = 1;
				DEBUG_INFORMATION_FORMAT = "dwarf-with-dsym";
				ENABLE_NS_ASSERTIONS = NO;
				ENABLE_STRICT_OBJC_MSGSEND = YES;
				GCC_C_LANGUAGE_STANDARD = gnu99;
				GCC_NO_COMMON_BLOCKS = YES;
				GCC_OPTIMIZATION_LEVEL = fast;
				GCC_WARN_64_TO_32_BIT_CONVERSION = YES;
				GCC_WARN_ABOUT_RETURN_TYPE = YES_ERROR;
				GCC_WARN_UNDECLARED_SELECTOR = YES;
				GCC_WARN_UNINITIALIZED_AUTOS = YES_AGGRESSIVE;
				GCC_WARN_UNUSED_FUNCTION = YES;
				GCC_WARN_UNUSED_VARIABLE = YES;
				IPHONEOS_DEPLOYMENT_TARGET = 12.0;
				MACOSX_DEPLOYMENT_TARGET = 10.11;
				SDKROOT = macosx;
				SWIFT_OPTIMIZATION_LEVEL = "-Owholemodule";
				SWIFT_VERSION = 5.0;
				VERSIONING_SYSTEM = "apple-generic";
				VERSION_INFO_PREFIX = "";
			};
			name = Release;
		};
		45E8EED7199A8EA60035C722 /* Debug */ = {
			isa = XCBuildConfiguration;
			buildSettings = {
				CLANG_ENABLE_MODULES = YES;
				CODE_SIGN_IDENTITY = "";
				DEFINES_MODULE = YES;
				DEVELOPMENT_TEAM = A8YPB846P8;
				DYLIB_COMPATIBILITY_VERSION = 1;
				DYLIB_CURRENT_VERSION = 1;
				DYLIB_INSTALL_NAME_BASE = "@rpath";
				INFOPLIST_FILE = "Supporting Files/Info.plist";
				LD_RUNPATH_SEARCH_PATHS = "$(inherited) @executable_path/Frameworks @loader_path/Frameworks";
				PRODUCT_BUNDLE_IDENTIFIER = "io.schwa.$(PRODUCT_NAME:rfc1034identifier)";
				PRODUCT_NAME = SwiftUtilities;
				SDKROOT = iphoneos;
				SKIP_INSTALL = YES;
				SWIFT_OPTIMIZATION_LEVEL = "-Onone";
				SWIFT_VERSION = 5.0;
				TARGETED_DEVICE_FAMILY = "1,2";
			};
			name = Debug;
		};
		45E8EED8199A8EA60035C722 /* Release */ = {
			isa = XCBuildConfiguration;
			buildSettings = {
				CLANG_ENABLE_MODULES = YES;
				CODE_SIGN_IDENTITY = "";
				DEFINES_MODULE = YES;
				DEVELOPMENT_TEAM = A8YPB846P8;
				DYLIB_COMPATIBILITY_VERSION = 1;
				DYLIB_CURRENT_VERSION = 1;
				DYLIB_INSTALL_NAME_BASE = "@rpath";
				INFOPLIST_FILE = "Supporting Files/Info.plist";
				LD_RUNPATH_SEARCH_PATHS = "$(inherited) @executable_path/Frameworks @loader_path/Frameworks";
				PRODUCT_BUNDLE_IDENTIFIER = "io.schwa.$(PRODUCT_NAME:rfc1034identifier)";
				PRODUCT_NAME = SwiftUtilities;
				SDKROOT = iphoneos;
				SKIP_INSTALL = YES;
				SWIFT_VERSION = 5.0;
				TARGETED_DEVICE_FAMILY = "1,2";
				VALIDATE_PRODUCT = YES;
			};
			name = Release;
		};
/* End XCBuildConfiguration section */

/* Begin XCConfigurationList section */
		321D36D220881E3100BDCDD2 /* Build configuration list for PBXNativeTarget "iOSTestApp" */ = {
			isa = XCConfigurationList;
			buildConfigurations = (
				321D36D020881E3100BDCDD2 /* Debug */,
				321D36D120881E3100BDCDD2 /* Release */,
			);
			defaultConfigurationIsVisible = 0;
			defaultConfigurationName = Release;
		};
		459826E01D56C74900B54CB1 /* Build configuration list for PBXNativeTarget "Testing" */ = {
			isa = XCConfigurationList;
			buildConfigurations = (
				459826DE1D56C74900B54CB1 /* Debug */,
				459826DF1D56C74900B54CB1 /* Release */,
			);
			defaultConfigurationIsVisible = 0;
			defaultConfigurationName = Release;
		};
		45E8EE9E199A8E080035C722 /* Build configuration list for PBXProject "SwiftUtilities" */ = {
			isa = XCConfigurationList;
			buildConfigurations = (
				45E8EEB5199A8E080035C722 /* Debug */,
				45E8EEB6199A8E080035C722 /* Release */,
			);
			defaultConfigurationIsVisible = 0;
			defaultConfigurationName = Release;
		};
		45E8EED6199A8EA60035C722 /* Build configuration list for PBXNativeTarget "SwiftUtilities_iOS" */ = {
			isa = XCConfigurationList;
			buildConfigurations = (
				45E8EED7199A8EA60035C722 /* Debug */,
				45E8EED8199A8EA60035C722 /* Release */,
			);
			defaultConfigurationIsVisible = 0;
			defaultConfigurationName = Release;
		};
/* End XCConfigurationList section */
	};
	rootObject = 45E8EE9B199A8E080035C722 /* Project object */;
}
